
Microsoft Visual Studio Solution File, Format Version 12.00
# Visual Studio Version 16
VisualStudioVersion = 16.0.31019.35
MinimumVisualStudioVersion = 10.0.40219.1
Project("{FAE04EC0-301F-11D3-BF4B-00C04F79EFBC}") = "Portal.Api", "Portal.Api.csproj", "{07F070FB-518D-4925-AC2B-168556278526}"
EndProject
Global
	GlobalSection(SolutionConfigurationPlatforms) = preSolution
		Debug|Any CPU = Debug|Any CPU
		Release|Any CPU = Release|Any CPU
	EndGlobalSection
	GlobalSection(ProjectConfigurationPlatforms) = postSolution
		{07F070FB-518D-4925-AC2B-168556278526}.Debug|Any CPU.ActiveCfg = Debug|Any CPU
		{07F070FB-518D-4925-AC2B-168556278526}.Debug|Any CPU.Build.0 = Debug|Any CPU
		{07F070FB-518D-4925-AC2B-168556278526}.Release|Any CPU.ActiveCfg = Release|Any CPU
		{07F070FB-518D-4925-AC2B-168556278526}.Release|Any CPU.Build.0 = Release|Any CPU
	EndGlobalSection
	GlobalSection(SolutionProperties) = preSolution
		HideSolutionNode = FALSE
	EndGlobalSection
	GlobalSection(ExtensibilityGlobals) = postSolution
		SolutionGuid = {A8084CDE-3D51-40C0-98D2-9412B012E5F5}
	EndGlobalSection
EndGlobal
